
Microsoft Visual Studio Solution File, Format Version 12.00
# Visual Studio Version 17
VisualStudioVersion = 17.4.33213.308
MinimumVisualStudioVersion = 10.0.40219.1
Project("{FAE04EC0-301F-11D3-BF4B-00C04F79EFBC}") = "Library Management System", "Library Management System\Library Management System.csproj", "{EBDF9372-3332-429D-BAAE-9D945BFD7A6D}"
EndProject
Global
	GlobalSection(SolutionConfigurationPlatforms) = preSolution
		Debug|Any CPU = Debug|Any CPU
		Release|Any CPU = Release|Any CPU
	EndGlobalSection
	GlobalSection(ProjectConfigurationPlatforms) = postSolution
		{EBDF9372-3332-429D-BAAE-9D945BFD7A6D}.Debug|Any CPU.ActiveCfg = Debug|Any CPU
		{EBDF9372-3332-429D-BAAE-9D945BFD7A6D}.Debug|Any CPU.Build.0 = Debug|Any CPU
		{EBDF9372-3332-429D-BAAE-9D945BFD7A6D}.Release|Any CPU.ActiveCfg = Release|Any CPU
		{EBDF9372-3332-429D-BAAE-9D945BFD7A6D}.Release|Any CPU.Build.0 = Release|Any CPU
	EndGlobalSection
	GlobalSection(SolutionProperties) = preSolution
		HideSolutionNode = FALSE
	EndGlobalSection
	GlobalSection(ExtensibilityGlobals) = postSolution
		SolutionGuid = {15E10CED-71C8-4992-B175-BBA8B01D2433}
	EndGlobalSection
EndGlobal
